// !$*UTF8*$!
{
	archiveVersion = 1;
	classes = {
	};
	objectVersion = 50;
	objects = {

/* Begin PBXBuildFile section */
		FED8D41C221616830046EB5E /* main.c in Sources */ = {isa = PBXBuildFile; fileRef = FED8D4052215F8570046EB5E /* main.c */; };
/* End PBXBuildFile section */

/* Begin PBXCopyFilesBuildPhase section */
		FED8D4002215F8570046EB5E /* CopyFiles */ = {
			isa = PBXCopyFilesBuildPhase;
			buildActionMask = 2147483647;
			dstPath = /usr/share/man/man1/;
			dstSubfolderSpec = 0;
			files = (
			);
			runOnlyForDeploymentPostprocessing = 1;
		};
		FED8D40E221615BF0046EB5E /* CopyFiles */ = {
			isa = PBXCopyFilesBuildPhase;
			buildActionMask = 2147483647;
			dstPath = /usr/share/man/man1/;
			dstSubfolderSpec = 0;
			files = (
			);
			runOnlyForDeploymentPostprocessing = 1;
		};
/* End PBXCopyFilesBuildPhase section */

/* Begin PBXFileReference section */
		FED8D4022215F8570046EB5E /* CPractice */ = {isa = PBXFileReference; explicitFileType = "compiled.mach-o.executable"; includeInIndex = 0; path = CPractice; sourceTree = BUILT_PRODUCTS_DIR; };
		FED8D4052215F8570046EB5E /* main.c */ = {isa = PBXFileReference; lastKnownFileType = sourcecode.c.c; path = main.c; sourceTree = "<group>"; };
		FED8D410221615BF0046EB5E /* HomeworkOnePartB */ = {isa = PBXFileReference; explicitFileType = "compiled.mach-o.executable"; includeInIndex = 0; path = HomeworkOnePartB; sourceTree = BUILT_PRODUCTS_DIR; };
		FED8D412221615BF0046EB5E /* main.c */ = {isa = PBXFileReference; lastKnownFileType = sourcecode.c.c; path = main.c; sourceTree = "<group>"; };
/* End PBXFileReference section */

/* Begin PBXFrameworksBuildPhase section */
		FED8D3FF2215F8570046EB5E /* Frameworks */ = {
			isa = PBXFrameworksBuildPhase;
			buildActionMask = 2147483647;
			files = (
			);
			runOnlyForDeploymentPostprocessing = 0;
		};
		FED8D40D221615BF0046EB5E /* Frameworks */ = {
			isa = PBXFrameworksBuildPhase;
			buildActionMask = 2147483647;
			files = (
			);
			runOnlyForDeploymentPostprocessing = 0;
		};
/* End PBXFrameworksBuildPhase section */

/* Begin PBXGroup section */
		FED8D3F92215F8570046EB5E = {
			isa = PBXGroup;
			children = (
				FED8D4042215F8570046EB5E /* CPractice */,
				FED8D411221615BF0046EB5E /* HomeworkOnePartB */,
				FED8D4032215F8570046EB5E /* Products */,
			);
			sourceTree = "<group>";
		};
		FED8D4032215F8570046EB5E /* Products */ = {
			isa = PBXGroup;
			children = (
				FED8D4022215F8570046EB5E /* CPractice */,
				FED8D410221615BF0046EB5E /* HomeworkOnePartB */,
			);
			name = Products;
			sourceTree = "<group>";
		};
		FED8D4042215F8570046EB5E /* CPractice */ = {
			isa = PBXGroup;
			children = (
				FED8D4052215F8570046EB5E /* main.c */,
			);
			path = CPractice;
			sourceTree = "<group>";
		};
		FED8D411221615BF0046EB5E /* HomeworkOnePartB */ = {
			isa = PBXGroup;
			children = (
				FED8D412221615BF0046EB5E /* main.c */,
			);
			path = HomeworkOnePartB;
			sourceTree = "<group>";
		};
/* End PBXGroup section */

/* Begin PBXNativeTarget section */
		FED8D4012215F8570046EB5E /* CPractice */ = {
			isa = PBXNativeTarget;
			buildConfigurationList = FED8D4092215F8570046EB5E /* Build configuration list for PBXNativeTarget "CPractice" */;
			buildPhases = (
				FED8D3FE2215F8570046EB5E /* Sources */,
				FED8D3FF2215F8570046EB5E /* Frameworks */,
				FED8D4002215F8570046EB5E /* CopyFiles */,
			);
			buildRules = (
			);
			dependencies = (
			);
			name = CPractice;
			productName = CPractice;
			productReference = FED8D4022215F8570046EB5E /* CPractice */;
			productType = "com.apple.product-type.tool";
		};
		FED8D40F221615BF0046EB5E /* HomeworkOnePartB */ = {
			isa = PBXNativeTarget;
			buildConfigurationList = FED8D414221615BF0046EB5E /* Build configuration list for PBXNativeTarget "HomeworkOnePartB" */;
			buildPhases = (
				FED8D40C221615BF0046EB5E /* Sources */,
				FED8D40D221615BF0046EB5E /* Frameworks */,
				FED8D40E221615BF0046EB5E /* CopyFiles */,
			);
			buildRules = (
			);
			dependencies = (
			);
			name = HomeworkOnePartB;
			productName = HomeworkOnePartB;
			productReference = FED8D410221615BF0046EB5E /* HomeworkOnePartB */;
			productType = "com.apple.product-type.tool";
		};
/* End PBXNativeTarget section */

/* Begin PBXProject section */
		FED8D3FA2215F8570046EB5E /* Project object */ = {
			isa = PBXProject;
			attributes = {
				LastUpgradeCheck = 1010;
				ORGANIZATIONNAME = "Yukkee chang";
				TargetAttributes = {
					FED8D4012215F8570046EB5E = {
						CreatedOnToolsVersion = 10.1;
					};
					FED8D40F221615BF0046EB5E = {
						CreatedOnToolsVersion = 10.1;
					};
				};
			};
			buildConfigurationList = FED8D3FD2215F8570046EB5E /* Build configuration list for PBXProject "CPractice" */;
			compatibilityVersion = "Xcode 9.3";
			developmentRegion = en;
			hasScannedForEncodings = 0;
			knownRegions = (
				en,
			);
			mainGroup = FED8D3F92215F8570046EB5E;
			productRefGroup = FED8D4032215F8570046EB5E /* Products */;
			projectDirPath = "";
			projectRoot = "";
			targets = (
				FED8D4012215F8570046EB5E /* CPractice */,
				FED8D40F221615BF0046EB5E /* HomeworkOnePartB */,
			);
		};
/* End PBXProject section */

/* Begin PBXSourcesBuildPhase section */
		FED8D3FE2215F8570046EB5E /* Sources */ = {
			isa = PBXSourcesBuildPhase;
			buildActionMask = 2147483647;
			files = (
				FED8D41C221616830046EB5E /* main.c in Sources */,
			);
			runOnlyForDeploymentPostprocessing = 0;
		};
		FED8D40C221615BF0046EB5E /* Sources */ = {
			isa = PBXSourcesBuildPhase;
			buildActionMask = 2147483647;
			files = (
			);
			runOnlyForDeploymentPostprocessing = 0;
		};
/* End PBXSourcesBuildPhase section */

/* Begin XCBuildConfiguration section */
		FED8D4072215F8570046EB5E /* Debug */ = {
			isa = XCBuildConfiguration;
			buildSettings = {
				ALWAYS_SEARCH_USER_PATHS = NO;
				CLANG_ANALYZER_NONNULL = YES;
				CLANG_ANALYZER_NUMBER_OBJECT_CONVERSION = YES_AGGRESSIVE;
				CLANG_CXX_LANGUAGE_STANDARD = "gnu++14";
				CLANG_CXX_LIBRARY = "libc++";
				CLANG_ENABLE_MODULES = YES;
				CLANG_ENABLE_OBJC_ARC = YES;
				CLANG_ENABLE_OBJC_WEAK = YES;
				CLANG_WARN_BLOCK_CAPTURE_AUTORELEASING = YES;
				CLANG_WARN_BOOL_CONVERSION = YES;
				CLANG_WARN_COMMA = YES;
				CLANG_WARN_CONSTANT_CONVERSION = YES;
				CLANG_WARN_DEPRECATED_OBJC_IMPLEMENTATIONS = YES;
				CLANG_WARN_DIRECT_OBJC_ISA_USAGE = YES_ERROR;
				CLANG_WARN_DOCUMENTATION_COMMENTS = YES;
				CLANG_WARN_EMPTY_BODY = YES;
				CLANG_WARN_ENUM_CONVERSION = YES;
				CLANG_WARN_INFINITE_RECURSION = YES;
				CLANG_WARN_INT_CONVERSION = YES;
				CLANG_WARN_NON_LITERAL_NULL_CONVERSION = YES;
				CLANG_WARN_OBJC_IMPLICIT_RETAIN_SELF = YES;
				CLANG_WARN_OBJC_LITERAL_CONVERSION = YES;
				CLANG_WARN_OBJC_ROOT_CLASS = YES_ERROR;
				CLANG_WARN_RANGE_LOOP_ANALYSIS = YES;
				CLANG_WARN_STRICT_PROTOTYPES = YES;
				CLANG_WARN_SUSPICIOUS_MOVE = YES;
				CLANG_WARN_UNGUARDED_AVAILABILITY = YES_AGGRESSIVE;
				CLANG_WARN_UNREACHABLE_CODE = YES;
				CLANG_WARN__DUPLICATE_METHOD_MATCH = YES;
				CODE_SIGN_IDENTITY = "Mac Developer";
				COPY_PHASE_STRIP = NO;
				DEBUG_INFORMATION_FORMAT = dwarf;
				ENABLE_STRICT_OBJC_MSGSEND = YES;
				ENABLE_TESTABILITY = YES;
				GCC_C_LANGUAGE_STANDARD = gnu11;
				GCC_DYNAMIC_NO_PIC = NO;
				GCC_NO_COMMON_BLOCKS = YES;
				GCC_OPTIMIZATION_LEVEL = 0;
				GCC_PREPROCESSOR_DEFINITIONS = (
					"DEBUG=1",
					"$(inherited)",
				);
				GCC_WARN_64_TO_32_BIT_CONVERSION = YES;
				GCC_WARN_ABOUT_RETURN_TYPE = YES_ERROR;
				GCC_WARN_UNDECLARED_SELECTOR = YES;
				GCC_WARN_UNINITIALIZED_AUTOS = YES_AGGRESSIVE;
				GCC_WARN_UNUSED_FUNCTION = YES;
				GCC_WARN_UNUSED_VARIABLE = YES;
				MACOSX_DEPLOYMENT_TARGET = 10.14;
				MTL_ENABLE_DEBUG_INFO = INCLUDE_SOURCE;
				MTL_FAST_MATH = YES;
				ONLY_ACTIVE_ARCH = YES;
				SDKROOT = macosx;
			};
			name = Debug;
		};
		FED8D4082215F8570046EB5E /* Release */ = {
			isa = XCBuildConfiguration;
			buildSettings = {
				ALWAYS_SEARCH_USER_PATHS = NO;
				CLANG_ANALYZER_NONNULL = YES;
				CLANG_ANALYZER_NUMBER_OBJECT_CONVERSION = YES_AGGRESSIVE;
				CLANG_CXX_LANGUAGE_STANDARD = "gnu++14";
				CLANG_CXX_LIBRARY = "libc++";
				CLANG_ENABLE_MODULES = YES;
				CLANG_ENABLE_OBJC_ARC = YES;
				CLANG_ENABLE_OBJC_WEAK = YES;
				CLANG_WARN_BLOCK_CAPTURE_AUTORELEASING = YES;
				CLANG_WARN_BOOL_CONVERSION = YES;
				CLANG_WARN_COMMA = YES;
				CLANG_WARN_CONSTANT_CONVERSION = YES;
				CLANG_WARN_DEPRECATED_OBJC_IMPLEMENTATIONS = YES;
				CLANG_WARN_DIRECT_OBJC_ISA_USAGE = YES_ERROR;
				CLANG_WARN_DOCUMENTATION_COMMENTS = YES;
				CLANG_WARN_EMPTY_BODY = YES;
				CLANG_WARN_ENUM_CONVERSION = YES;
				CLANG_WARN_INFINITE_RECURSION = YES;
				CLANG_WARN_INT_CONVERSION = YES;
				CLANG_WARN_NON_LITERAL_NULL_CONVERSION = YES;
				CLANG_WARN_OBJC_IMPLICIT_RETAIN_SELF = YES;
				CLANG_WARN_OBJC_LITERAL_CONVERSION = YES;
				CLANG_WARN_OBJC_ROOT_CLASS = YES_ERROR;
				CLANG_WARN_RANGE_LOOP_ANALYSIS = YES;
				CLANG_WARN_STRICT_PROTOTYPES = YES;
				CLANG_WARN_SUSPICIOUS_MOVE = YES;
				CLANG_WARN_UNGUARDED_AVAILABILITY = YES_AGGRESSIVE;
				CLANG_WARN_UNREACHABLE_CODE = YES;
				CLANG_WARN__DUPLICATE_METHOD_MATCH = YES;
				CODE_SIGN_IDENTITY = "Mac Developer";
				COPY_PHASE_STRIP = NO;
				DEBUG_INFORMATION_FORMAT = "dwarf-with-dsym";
				ENABLE_NS_ASSERTIONS = NO;
				ENABLE_STRICT_OBJC_MSGSEND = YES;
				GCC_C_LANGUAGE_STANDARD = gnu11;
				GCC_NO_COMMON_BLOCKS = YES;
				GCC_WARN_64_TO_32_BIT_CONVERSION = YES;
				GCC_WARN_ABOUT_RETURN_TYPE = YES_ERROR;
				GCC_WARN_UNDECLARED_SELECTOR = YES;
				GCC_WARN_UNINITIALIZED_AUTOS = YES_AGGRESSIVE;
				GCC_WARN_UNUSED_FUNCTION = YES;
				GCC_WARN_UNUSED_VARIABLE = YES;
				MACOSX_DEPLOYMENT_TARGET = 10.14;
				MTL_ENABLE_DEBUG_INFO = NO;
				MTL_FAST_MATH = YES;
				SDKROOT = macosx;
			};
			name = Release;
		};
		FED8D40A2215F8570046EB5E /* Debug */ = {
			isa = XCBuildConfiguration;
			buildSettings = {
				CODE_SIGN_STYLE = Automatic;
				DEVELOPMENT_TEAM = W89923555Q;
				PRODUCT_NAME = "$(TARGET_NAME)";
			};
			name = Debug;
		};
		FED8D40B2215F8570046EB5E /* Release */ = {
			isa = XCBuildConfiguration;
			buildSettings = {
				CODE_SIGN_STYLE = Automatic;
				DEVELOPMENT_TEAM = W89923555Q;
				PRODUCT_NAME = "$(TARGET_NAME)";
			};
			name = Release;
		};
		FED8D415221615BF0046EB5E /* Debug */ = {
			isa = XCBuildConfiguration;
			buildSettings = {
				CODE_SIGN_STYLE = Automatic;
				DEVELOPMENT_TEAM = W89923555Q;
				PRODUCT_NAME = "$(TARGET_NAME)";
			};
			name = Debug;
		};
		FED8D416221615BF0046EB5E /* Release */ = {
			isa = XCBuildConfiguration;
			buildSettings = {
				CODE_SIGN_STYLE = Automatic;
				DEVELOPMENT_TEAM = W89923555Q;
				PRODUCT_NAME = "$(TARGET_NAME)";
			};
			name = Release;
		};
/* End XCBuildConfiguration section */

/* Begin XCConfigurationList section */
		FED8D3FD2215F8570046EB5E /* Build configuration list for PBXProject "CPractice" */ = {
			isa = XCConfigurationList;
			buildConfigurations = (
				FED8D4072215F8570046EB5E /* Debug */,
				FED8D4082215F8570046EB5E /* Release */,
			);
			defaultConfigurationIsVisible = 0;
			defaultConfigurationName = Release;
		};
		FED8D4092215F8570046EB5E /* Build configuration list for PBXNativeTarget "CPractice" */ = {
			isa = XCConfigurationList;
			buildConfigurations = (
				FED8D40A2215F8570046EB5E /* Debug */,
				FED8D40B2215F8570046EB5E /* Release */,
			);
			defaultConfigurationIsVisible = 0;
			defaultConfigurationName = Release;
		};
		FED8D414221615BF0046EB5E /* Build configuration list for PBXNativeTarget "HomeworkOnePartB" */ = {
			isa = XCConfigurationList;
			buildConfigurations = (
				FED8D415221615BF0046EB5E /* Debug */,
				FED8D416221615BF0046EB5E /* Release */,
			);
			defaultConfigurationIsVisible = 0;
			defaultConfigurationName = Release;
		};
/* End XCConfigurationList section */
	};
	rootObject = FED8D3FA2215F8570046EB5E /* Project object */;
}
